
Microsoft Visual Studio Solution File, Format Version 12.00
# Visual Studio Version 17
VisualStudioVersion = 17.7.34024.191
MinimumVisualStudioVersion = 10.0.40219.1
Project("{FAE04EC0-301F-11D3-BF4B-00C04F79EFBC}") = "PhanMemQuanLyKS", "PhanMemQuanLyKS\PhanMemQuanLyKS.csproj", "{58E680FC-9EC9-4107-83F9-AA308A59C6ED}"
EndProject
Global
	GlobalSection(SolutionConfigurationPlatforms) = preSolution
		Debug|Any CPU = Debug|Any CPU
		Release|Any CPU = Release|Any CPU
	EndGlobalSection
	GlobalSection(ProjectConfigurationPlatforms) = postSolution
		{58E680FC-9EC9-4107-83F9-AA308A59C6ED}.Debug|Any CPU.ActiveCfg = Debug|Any CPU
		{58E680FC-9EC9-4107-83F9-AA308A59C6ED}.Debug|Any CPU.Build.0 = Debug|Any CPU
		{58E680FC-9EC9-4107-83F9-AA308A59C6ED}.Release|Any CPU.ActiveCfg = Release|Any CPU
		{58E680FC-9EC9-4107-83F9-AA308A59C6ED}.Release|Any CPU.Build.0 = Release|Any CPU
	EndGlobalSection
	GlobalSection(SolutionProperties) = preSolution
		HideSolutionNode = FALSE
	EndGlobalSection
	GlobalSection(ExtensibilityGlobals) = postSolution
		SolutionGuid = {2831E5C6-282A-4C06-A356-FB3D73BA9E92}
	EndGlobalSection
EndGlobal
